
Microsoft Visual Studio Solution File, Format Version 12.00
# Visual Studio 14
VisualStudioVersion = 14.0.24720.0
MinimumVisualStudioVersion = 10.0.40219.1
Project("{FAE04EC0-301F-11D3-BF4B-00C04F79EFBC}") = "TripToPrint", "TripToPrint\TripToPrint.csproj", "{5759D828-2D26-4935-B86D-824D116FA591}"
EndProject
Project("{FAE04EC0-301F-11D3-BF4B-00C04F79EFBC}") = "TripToPrint.Core.Tests", "TripToPrint.Core.Tests\TripToPrint.Core.Tests.csproj", "{9070DD84-8D16-478A-BAC6-D8A9C55660E6}"
EndProject
Project("{FAE04EC0-301F-11D3-BF4B-00C04F79EFBC}") = "TripToPrint.Core", "TripToPrint.Core\TripToPrint.Core.csproj", "{52A4B333-14E2-47CD-877F-808CDBE2A85B}"
EndProject
Global
	GlobalSection(SolutionConfigurationPlatforms) = preSolution
		Debug|Any CPU = Debug|Any CPU
		Release|Any CPU = Release|Any CPU
	EndGlobalSection
	GlobalSection(ProjectConfigurationPlatforms) = postSolution
		{5759D828-2D26-4935-B86D-824D116FA591}.Debug|Any CPU.ActiveCfg = Debug|Any CPU
		{5759D828-2D26-4935-B86D-824D116FA591}.Debug|Any CPU.Build.0 = Debug|Any CPU
		{5759D828-2D26-4935-B86D-824D116FA591}.Release|Any CPU.ActiveCfg = Release|Any CPU
		{5759D828-2D26-4935-B86D-824D116FA591}.Release|Any CPU.Build.0 = Release|Any CPU
		{9070DD84-8D16-478A-BAC6-D8A9C55660E6}.Debug|Any CPU.ActiveCfg = Debug|Any CPU
		{9070DD84-8D16-478A-BAC6-D8A9C55660E6}.Debug|Any CPU.Build.0 = Debug|Any CPU
		{9070DD84-8D16-478A-BAC6-D8A9C55660E6}.Release|Any CPU.ActiveCfg = Release|Any CPU
		{9070DD84-8D16-478A-BAC6-D8A9C55660E6}.Release|Any CPU.Build.0 = Release|Any CPU
		{52A4B333-14E2-47CD-877F-808CDBE2A85B}.Debug|Any CPU.ActiveCfg = Debug|Any CPU
		{52A4B333-14E2-47CD-877F-808CDBE2A85B}.Debug|Any CPU.Build.0 = Debug|Any CPU
		{52A4B333-14E2-47CD-877F-808CDBE2A85B}.Release|Any CPU.ActiveCfg = Release|Any CPU
		{52A4B333-14E2-47CD-877F-808CDBE2A85B}.Release|Any CPU.Build.0 = Release|Any CPU
	EndGlobalSection
	GlobalSection(SolutionProperties) = preSolution
		HideSolutionNode = FALSE
	EndGlobalSection
EndGlobal
